// !$*UTF8*$!
{
	archiveVersion = 1;
	classes = {
	};
	objectVersion = 50;
	objects = {

/* Begin PBXBuildFile section */
		0D5FDEDD232333BE00EB9CF2 /* AppDelegate.swift in Sources */ = {isa = PBXBuildFile; fileRef = 0D5FDEDC232333BE00EB9CF2 /* AppDelegate.swift */; };
		0D5FDEDF232333BE00EB9CF2 /* SceneDelegate.swift in Sources */ = {isa = PBXBuildFile; fileRef = 0D5FDEDE232333BE00EB9CF2 /* SceneDelegate.swift */; };
		0D5FDEE1232333BE00EB9CF2 /* ViewController.swift in Sources */ = {isa = PBXBuildFile; fileRef = 0D5FDEE0232333BE00EB9CF2 /* ViewController.swift */; };
		0D5FDEE4232333BE00EB9CF2 /* Main.storyboard in Resources */ = {isa = PBXBuildFile; fileRef = 0D5FDEE2232333BE00EB9CF2 /* Main.storyboard */; };
		0D5FDEE6232333C700EB9CF2 /* Assets.xcassets in Resources */ = {isa = PBXBuildFile; fileRef = 0D5FDEE5232333C700EB9CF2 /* Assets.xcassets */; };
		0D5FDEE9232333C700EB9CF2 /* LaunchScreen.storyboard in Resources */ = {isa = PBXBuildFile; fileRef = 0D5FDEE7232333C700EB9CF2 /* LaunchScreen.storyboard */; };
		0D5FDEF4232333C800EB9CF2 /* RiddlesInTheDarkTests.swift in Sources */ = {isa = PBXBuildFile; fileRef = 0D5FDEF3232333C800EB9CF2 /* RiddlesInTheDarkTests.swift */; };
		0D5FDEFF232333C800EB9CF2 /* RiddlesInTheDarkUITests.swift in Sources */ = {isa = PBXBuildFile; fileRef = 0D5FDEFE232333C800EB9CF2 /* RiddlesInTheDarkUITests.swift */; };
/* End PBXBuildFile section */

/* Begin PBXContainerItemProxy section */
		0D5FDEF0232333C800EB9CF2 /* PBXContainerItemProxy */ = {
			isa = PBXContainerItemProxy;
			containerPortal = 0D5FDED1232333BE00EB9CF2 /* Project object */;
			proxyType = 1;
			remoteGlobalIDString = 0D5FDED8232333BE00EB9CF2;
			remoteInfo = RiddlesInTheDark;
		};
		0D5FDEFB232333C800EB9CF2 /* PBXContainerItemProxy */ = {
			isa = PBXContainerItemProxy;
			containerPortal = 0D5FDED1232333BE00EB9CF2 /* Project object */;
			proxyType = 1;
			remoteGlobalIDString = 0D5FDED8232333BE00EB9CF2;
			remoteInfo = RiddlesInTheDark;
		};
/* End PBXContainerItemProxy section */

/* Begin PBXFileReference section */
		0D5FDED9232333BE00EB9CF2 /* RiddlesInTheDark.app */ = {isa = PBXFileReference; explicitFileType = wrapper.application; includeInIndex = 0; path = RiddlesInTheDark.app; sourceTree = BUILT_PRODUCTS_DIR; };
		0D5FDEDC232333BE00EB9CF2 /* AppDelegate.swift */ = {isa = PBXFileReference; lastKnownFileType = sourcecode.swift; path = AppDelegate.swift; sourceTree = "<group>"; };
		0D5FDEDE232333BE00EB9CF2 /* SceneDelegate.swift */ = {isa = PBXFileReference; lastKnownFileType = sourcecode.swift; path = SceneDelegate.swift; sourceTree = "<group>"; };
		0D5FDEE0232333BE00EB9CF2 /* ViewController.swift */ = {isa = PBXFileReference; lastKnownFileType = sourcecode.swift; path = ViewController.swift; sourceTree = "<group>"; };
		0D5FDEE3232333BE00EB9CF2 /* Base */ = {isa = PBXFileReference; lastKnownFileType = file.storyboard; name = Base; path = Base.lproj/Main.storyboard; sourceTree = "<group>"; };
		0D5FDEE5232333C700EB9CF2 /* Assets.xcassets */ = {isa = PBXFileReference; lastKnownFileType = folder.assetcatalog; path = Assets.xcassets; sourceTree = "<group>"; };
		0D5FDEE8232333C700EB9CF2 /* Base */ = {isa = PBXFileReference; lastKnownFileType = file.storyboard; name = Base; path = Base.lproj/LaunchScreen.storyboard; sourceTree = "<group>"; };
		0D5FDEEA232333C700EB9CF2 /* Info.plist */ = {isa = PBXFileReference; lastKnownFileType = text.plist.xml; path = Info.plist; sourceTree = "<group>"; };
		0D5FDEEF232333C800EB9CF2 /* RiddlesInTheDarkTests.xctest */ = {isa = PBXFileReference; explicitFileType = wrapper.cfbundle; includeInIndex = 0; path = RiddlesInTheDarkTests.xctest; sourceTree = BUILT_PRODUCTS_DIR; };
		0D5FDEF3232333C800EB9CF2 /* RiddlesInTheDarkTests.swift */ = {isa = PBXFileReference; lastKnownFileType = sourcecode.swift; path = RiddlesInTheDarkTests.swift; sourceTree = "<group>"; };
		0D5FDEF5232333C800EB9CF2 /* Info.plist */ = {isa = PBXFileReference; lastKnownFileType = text.plist.xml; path = Info.plist; sourceTree = "<group>"; };
		0D5FDEFA232333C800EB9CF2 /* RiddlesInTheDarkUITests.xctest */ = {isa = PBXFileReference; explicitFileType = wrapper.cfbundle; includeInIndex = 0; path = RiddlesInTheDarkUITests.xctest; sourceTree = BUILT_PRODUCTS_DIR; };
		0D5FDEFE232333C800EB9CF2 /* RiddlesInTheDarkUITests.swift */ = {isa = PBXFileReference; lastKnownFileType = sourcecode.swift; path = RiddlesInTheDarkUITests.swift; sourceTree = "<group>"; };
		0D5FDF00232333C800EB9CF2 /* Info.plist */ = {isa = PBXFileReference; lastKnownFileType = text.plist.xml; path = Info.plist; sourceTree = "<group>"; };
/* End PBXFileReference section */

/* Begin PBXFrameworksBuildPhase section */
		0D5FDED6232333BE00EB9CF2 /* Frameworks */ = {
			isa = PBXFrameworksBuildPhase;
			buildActionMask = 2147483647;
			files = (
			);
			runOnlyForDeploymentPostprocessing = 0;
		};
		0D5FDEEC232333C800EB9CF2 /* Frameworks */ = {
			isa = PBXFrameworksBuildPhase;
			buildActionMask = 2147483647;
			files = (
			);
			runOnlyForDeploymentPostprocessing = 0;
		};
		0D5FDEF7232333C800EB9CF2 /* Frameworks */ = {
			isa = PBXFrameworksBuildPhase;
			buildActionMask = 2147483647;
			files = (
			);
			runOnlyForDeploymentPostprocessing = 0;
		};
/* End PBXFrameworksBuildPhase section */

/* Begin PBXGroup section */
		0D5FDED0232333BE00EB9CF2 = {
			isa = PBXGroup;
			children = (
				0D5FDEDB232333BE00EB9CF2 /* RiddlesInTheDark */,
				0D5FDEF2232333C800EB9CF2 /* RiddlesInTheDarkTests */,
				0D5FDEFD232333C800EB9CF2 /* RiddlesInTheDarkUITests */,
				0D5FDEDA232333BE00EB9CF2 /* Products */,
			);
			sourceTree = "<group>";
		};
		0D5FDEDA232333BE00EB9CF2 /* Products */ = {
			isa = PBXGroup;
			children = (
				0D5FDED9232333BE00EB9CF2 /* RiddlesInTheDark.app */,
				0D5FDEEF232333C800EB9CF2 /* RiddlesInTheDarkTests.xctest */,
				0D5FDEFA232333C800EB9CF2 /* RiddlesInTheDarkUITests.xctest */,
			);
			name = Products;
			sourceTree = "<group>";
		};
		0D5FDEDB232333BE00EB9CF2 /* RiddlesInTheDark */ = {
			isa = PBXGroup;
			children = (
				0D5FDEDC232333BE00EB9CF2 /* AppDelegate.swift */,
				0D5FDEDE232333BE00EB9CF2 /* SceneDelegate.swift */,
				0D5FDEE0232333BE00EB9CF2 /* ViewController.swift */,
				0D5FDEE2232333BE00EB9CF2 /* Main.storyboard */,
				0D5FDEE5232333C700EB9CF2 /* Assets.xcassets */,
				0D5FDEE7232333C700EB9CF2 /* LaunchScreen.storyboard */,
				0D5FDEEA232333C700EB9CF2 /* Info.plist */,
			);
			path = RiddlesInTheDark;
			sourceTree = "<group>";
		};
		0D5FDEF2232333C800EB9CF2 /* RiddlesInTheDarkTests */ = {
			isa = PBXGroup;
			children = (
				0D5FDEF3232333C800EB9CF2 /* RiddlesInTheDarkTests.swift */,
				0D5FDEF5232333C800EB9CF2 /* Info.plist */,
			);
			path = RiddlesInTheDarkTests;
			sourceTree = "<group>";
		};
		0D5FDEFD232333C800EB9CF2 /* RiddlesInTheDarkUITests */ = {
			isa = PBXGroup;
			children = (
				0D5FDEFE232333C800EB9CF2 /* RiddlesInTheDarkUITests.swift */,
				0D5FDF00232333C800EB9CF2 /* Info.plist */,
			);
			path = RiddlesInTheDarkUITests;
			sourceTree = "<group>";
		};
/* End PBXGroup section */

/* Begin PBXNativeTarget section */
		0D5FDED8232333BE00EB9CF2 /* RiddlesInTheDark */ = {
			isa = PBXNativeTarget;
			buildConfigurationList = 0D5FDF03232333C800EB9CF2 /* Build configuration list for PBXNativeTarget "RiddlesInTheDark" */;
			buildPhases = (
				0D5FDED5232333BE00EB9CF2 /* Sources */,
				0D5FDED6232333BE00EB9CF2 /* Frameworks */,
				0D5FDED7232333BE00EB9CF2 /* Resources */,
			);
			buildRules = (
			);
			dependencies = (
			);
			name = RiddlesInTheDark;
			productName = RiddlesInTheDark;
			productReference = 0D5FDED9232333BE00EB9CF2 /* RiddlesInTheDark.app */;
			productType = "com.apple.product-type.application";
		};
		0D5FDEEE232333C800EB9CF2 /* RiddlesInTheDarkTests */ = {
			isa = PBXNativeTarget;
			buildConfigurationList = 0D5FDF06232333C800EB9CF2 /* Build configuration list for PBXNativeTarget "RiddlesInTheDarkTests" */;
			buildPhases = (
				0D5FDEEB232333C800EB9CF2 /* Sources */,
				0D5FDEEC232333C800EB9CF2 /* Frameworks */,
				0D5FDEED232333C800EB9CF2 /* Resources */,
			);
			buildRules = (
			);
			dependencies = (
				0D5FDEF1232333C800EB9CF2 /* PBXTargetDependency */,
			);
			name = RiddlesInTheDarkTests;
			productName = RiddlesInTheDarkTests;
			productReference = 0D5FDEEF232333C800EB9CF2 /* RiddlesInTheDarkTests.xctest */;
			productType = "com.apple.product-type.bundle.unit-test";
		};
		0D5FDEF9232333C800EB9CF2 /* RiddlesInTheDarkUITests */ = {
			isa = PBXNativeTarget;
			buildConfigurationList = 0D5FDF09232333C800EB9CF2 /* Build configuration list for PBXNativeTarget "RiddlesInTheDarkUITests" */;
			buildPhases = (
				0D5FDEF6232333C800EB9CF2 /* Sources */,
				0D5FDEF7232333C800EB9CF2 /* Frameworks */,
				0D5FDEF8232333C800EB9CF2 /* Resources */,
			);
			buildRules = (
			);
			dependencies = (
				0D5FDEFC232333C800EB9CF2 /* PBXTargetDependency */,
			);
			name = RiddlesInTheDarkUITests;
			productName = RiddlesInTheDarkUITests;
			productReference = 0D5FDEFA232333C800EB9CF2 /* RiddlesInTheDarkUITests.xctest */;
			productType = "com.apple.product-type.bundle.ui-testing";
		};
/* End PBXNativeTarget section */

/* Begin PBXProject section */
		0D5FDED1232333BE00EB9CF2 /* Project object */ = {
			isa = PBXProject;
			attributes = {
				LastSwiftUpdateCheck = 1100;
				LastUpgradeCheck = 1100;
				ORGANIZATIONNAME = "Jaeson Booker";
				TargetAttributes = {
					0D5FDED8232333BE00EB9CF2 = {
						CreatedOnToolsVersion = 11.0;
					};
					0D5FDEEE232333C800EB9CF2 = {
						CreatedOnToolsVersion = 11.0;
						TestTargetID = 0D5FDED8232333BE00EB9CF2;
					};
					0D5FDEF9232333C800EB9CF2 = {
						CreatedOnToolsVersion = 11.0;
						TestTargetID = 0D5FDED8232333BE00EB9CF2;
					};
				};
			};
			buildConfigurationList = 0D5FDED4232333BE00EB9CF2 /* Build configuration list for PBXProject "RiddlesInTheDark" */;
			compatibilityVersion = "Xcode 9.3";
			developmentRegion = en;
			hasScannedForEncodings = 0;
			knownRegions = (
				en,
				Base,
			);
			mainGroup = 0D5FDED0232333BE00EB9CF2;
			productRefGroup = 0D5FDEDA232333BE00EB9CF2 /* Products */;
			projectDirPath = "";
			projectRoot = "";
			targets = (
				0D5FDED8232333BE00EB9CF2 /* RiddlesInTheDark */,
				0D5FDEEE232333C800EB9CF2 /* RiddlesInTheDarkTests */,
				0D5FDEF9232333C800EB9CF2 /* RiddlesInTheDarkUITests */,
			);
		};
/* End PBXProject section */

/* Begin PBXResourcesBuildPhase section */
		0D5FDED7232333BE00EB9CF2 /* Resources */ = {
			isa = PBXResourcesBuildPhase;
			buildActionMask = 2147483647;
			files = (
				0D5FDEE9232333C700EB9CF2 /* LaunchScreen.storyboard in Resources */,
				0D5FDEE6232333C700EB9CF2 /* Assets.xcassets in Resources */,
				0D5FDEE4232333BE00EB9CF2 /* Main.storyboard in Resources */,
			);
			runOnlyForDeploymentPostprocessing = 0;
		};
		0D5FDEED232333C800EB9CF2 /* Resources */ = {
			isa = PBXResourcesBuildPhase;
			buildActionMask = 2147483647;
			files = (
			);
			runOnlyForDeploymentPostprocessing = 0;
		};
		0D5FDEF8232333C800EB9CF2 /* Resources */ = {
			isa = PBXResourcesBuildPhase;
			buildActionMask = 2147483647;
			files = (
			);
			runOnlyForDeploymentPostprocessing = 0;
		};
/* End PBXResourcesBuildPhase section */

/* Begin PBXSourcesBuildPhase section */
		0D5FDED5232333BE00EB9CF2 /* Sources */ = {
			isa = PBXSourcesBuildPhase;
			buildActionMask = 2147483647;
			files = (
				0D5FDEE1232333BE00EB9CF2 /* ViewController.swift in Sources */,
				0D5FDEDD232333BE00EB9CF2 /* AppDelegate.swift in Sources */,
				0D5FDEDF232333BE00EB9CF2 /* SceneDelegate.swift in Sources */,
			);
			runOnlyForDeploymentPostprocessing = 0;
		};
		0D5FDEEB232333C800EB9CF2 /* Sources */ = {
			isa = PBXSourcesBuildPhase;
			buildActionMask = 2147483647;
			files = (
				0D5FDEF4232333C800EB9CF2 /* RiddlesInTheDarkTests.swift in Sources */,
			);
			runOnlyForDeploymentPostprocessing = 0;
		};
		0D5FDEF6232333C800EB9CF2 /* Sources */ = {
			isa = PBXSourcesBuildPhase;
			buildActionMask = 2147483647;
			files = (
				0D5FDEFF232333C800EB9CF2 /* RiddlesInTheDarkUITests.swift in Sources */,
			);
			runOnlyForDeploymentPostprocessing = 0;
		};
/* End PBXSourcesBuildPhase section */

/* Begin PBXTargetDependency section */
		0D5FDEF1232333C800EB9CF2 /* PBXTargetDependency */ = {
			isa = PBXTargetDependency;
			target = 0D5FDED8232333BE00EB9CF2 /* RiddlesInTheDark */;
			targetProxy = 0D5FDEF0232333C800EB9CF2 /* PBXContainerItemProxy */;
		};
		0D5FDEFC232333C800EB9CF2 /* PBXTargetDependency */ = {
			isa = PBXTargetDependency;
			target = 0D5FDED8232333BE00EB9CF2 /* RiddlesInTheDark */;
			targetProxy = 0D5FDEFB232333C800EB9CF2 /* PBXContainerItemProxy */;
		};
/* End PBXTargetDependency section */

/* Begin PBXVariantGroup section */
		0D5FDEE2232333BE00EB9CF2 /* Main.storyboard */ = {
			isa = PBXVariantGroup;
			children = (
				0D5FDEE3232333BE00EB9CF2 /* Base */,
			);
			name = Main.storyboard;
			sourceTree = "<group>";
		};
		0D5FDEE7232333C700EB9CF2 /* LaunchScreen.storyboard */ = {
			isa = PBXVariantGroup;
			children = (
				0D5FDEE8232333C700EB9CF2 /* Base */,
			);
			name = LaunchScreen.storyboard;
			sourceTree = "<group>";
		};
/* End PBXVariantGroup section */

/* Begin XCBuildConfiguration section */
		0D5FDF01232333C800EB9CF2 /* Debug */ = {
			isa = XCBuildConfiguration;
			buildSettings = {
				ALWAYS_SEARCH_USER_PATHS = NO;
				CLANG_ANALYZER_NONNULL = YES;
				CLANG_ANALYZER_NUMBER_OBJECT_CONVERSION = YES_AGGRESSIVE;
				CLANG_CXX_LANGUAGE_STANDARD = "gnu++14";
				CLANG_CXX_LIBRARY = "libc++";
				CLANG_ENABLE_MODULES = YES;
				CLANG_ENABLE_OBJC_ARC = YES;
				CLANG_ENABLE_OBJC_WEAK = YES;
				CLANG_WARN_BLOCK_CAPTURE_AUTORELEASING = YES;
				CLANG_WARN_BOOL_CONVERSION = YES;
				CLANG_WARN_COMMA = YES;
				CLANG_WARN_CONSTANT_CONVERSION = YES;
				CLANG_WARN_DEPRECATED_OBJC_IMPLEMENTATIONS = YES;
				CLANG_WARN_DIRECT_OBJC_ISA_USAGE = YES_ERROR;
				CLANG_WARN_DOCUMENTATION_COMMENTS = YES;
				CLANG_WARN_EMPTY_BODY = YES;
				CLANG_WARN_ENUM_CONVERSION = YES;
				CLANG_WARN_INFINITE_RECURSION = YES;
				CLANG_WARN_INT_CONVERSION = YES;
				CLANG_WARN_NON_LITERAL_NULL_CONVERSION = YES;
				CLANG_WARN_OBJC_IMPLICIT_RETAIN_SELF = YES;
				CLANG_WARN_OBJC_LITERAL_CONVERSION = YES;
				CLANG_WARN_OBJC_ROOT_CLASS = YES_ERROR;
				CLANG_WARN_RANGE_LOOP_ANALYSIS = YES;
				CLANG_WARN_STRICT_PROTOTYPES = YES;
				CLANG_WARN_SUSPICIOUS_MOVE = YES;
				CLANG_WARN_UNGUARDED_AVAILABILITY = YES_AGGRESSIVE;
				CLANG_WARN_UNREACHABLE_CODE = YES;
				CLANG_WARN__DUPLICATE_METHOD_MATCH = YES;
				COPY_PHASE_STRIP = NO;
				DEBUG_INFORMATION_FORMAT = dwarf;
				ENABLE_STRICT_OBJC_MSGSEND = YES;
				ENABLE_TESTABILITY = YES;
				GCC_C_LANGUAGE_STANDARD = gnu11;
				GCC_DYNAMIC_NO_PIC = NO;
				GCC_NO_COMMON_BLOCKS = YES;
				GCC_OPTIMIZATION_LEVEL = 0;
				GCC_PREPROCESSOR_DEFINITIONS = (
					"DEBUG=1",
					"$(inherited)",
				);
				GCC_WARN_64_TO_32_BIT_CONVERSION = YES;
				GCC_WARN_ABOUT_RETURN_TYPE = YES_ERROR;
				GCC_WARN_UNDECLARED_SELECTOR = YES;
				GCC_WARN_UNINITIALIZED_AUTOS = YES_AGGRESSIVE;
				GCC_WARN_UNUSED_FUNCTION = YES;
				GCC_WARN_UNUSED_VARIABLE = YES;
				IPHONEOS_DEPLOYMENT_TARGET = 13.0;
				MTL_ENABLE_DEBUG_INFO = INCLUDE_SOURCE;
				MTL_FAST_MATH = YES;
				ONLY_ACTIVE_ARCH = YES;
				SDKROOT = iphoneos;
				SWIFT_ACTIVE_COMPILATION_CONDITIONS = DEBUG;
				SWIFT_OPTIMIZATION_LEVEL = "-Onone";
			};
			name = Debug;
		};
		0D5FDF02232333C800EB9CF2 /* Release */ = {
			isa = XCBuildConfiguration;
			buildSettings = {
				ALWAYS_SEARCH_USER_PATHS = NO;
				CLANG_ANALYZER_NONNULL = YES;
				CLANG_ANALYZER_NUMBER_OBJECT_CONVERSION = YES_AGGRESSIVE;
				CLANG_CXX_LANGUAGE_STANDARD = "gnu++14";
				CLANG_CXX_LIBRARY = "libc++";
				CLANG_ENABLE_MODULES = YES;
				CLANG_ENABLE_OBJC_ARC = YES;
				CLANG_ENABLE_OBJC_WEAK = YES;
				CLANG_WARN_BLOCK_CAPTURE_AUTORELEASING = YES;
				CLANG_WARN_BOOL_CONVERSION = YES;
				CLANG_WARN_COMMA = YES;
				CLANG_WARN_CONSTANT_CONVERSION = YES;
				CLANG_WARN_DEPRECATED_OBJC_IMPLEMENTATIONS = YES;
				CLANG_WARN_DIRECT_OBJC_ISA_USAGE = YES_ERROR;
				CLANG_WARN_DOCUMENTATION_COMMENTS = YES;
				CLANG_WARN_EMPTY_BODY = YES;
				CLANG_WARN_ENUM_CONVERSION = YES;
				CLANG_WARN_INFINITE_RECURSION = YES;
				CLANG_WARN_INT_CONVERSION = YES;
				CLANG_WARN_NON_LITERAL_NULL_CONVERSION = YES;
				CLANG_WARN_OBJC_IMPLICIT_RETAIN_SELF = YES;
				CLANG_WARN_OBJC_LITERAL_CONVERSION = YES;
				CLANG_WARN_OBJC_ROOT_CLASS = YES_ERROR;
				CLANG_WARN_RANGE_LOOP_ANALYSIS = YES;
				CLANG_WARN_STRICT_PROTOTYPES = YES;
				CLANG_WARN_SUSPICIOUS_MOVE = YES;
				CLANG_WARN_UNGUARDED_AVAILABILITY = YES_AGGRESSIVE;
				CLANG_WARN_UNREACHABLE_CODE = YES;
				CLANG_WARN__DUPLICATE_METHOD_MATCH = YES;
				COPY_PHASE_STRIP = NO;
				DEBUG_INFORMATION_FORMAT = "dwarf-with-dsym";
				ENABLE_NS_ASSERTIONS = NO;
				ENABLE_STRICT_OBJC_MSGSEND = YES;
				GCC_C_LANGUAGE_STANDARD = gnu11;
				GCC_NO_COMMON_BLOCKS = YES;
				GCC_WARN_64_TO_32_BIT_CONVERSION = YES;
				GCC_WARN_ABOUT_RETURN_TYPE = YES_ERROR;
				GCC_WARN_UNDECLARED_SELECTOR = YES;
				GCC_WARN_UNINITIALIZED_AUTOS = YES_AGGRESSIVE;
				GCC_WARN_UNUSED_FUNCTION = YES;
				GCC_WARN_UNUSED_VARIABLE = YES;
				IPHONEOS_DEPLOYMENT_TARGET = 13.0;
				MTL_ENABLE_DEBUG_INFO = NO;
				MTL_FAST_MATH = YES;
				SDKROOT = iphoneos;
				SWIFT_COMPILATION_MODE = wholemodule;
				SWIFT_OPTIMIZATION_LEVEL = "-O";
				VALIDATE_PRODUCT = YES;
			};
			name = Release;
		};
		0D5FDF04232333C800EB9CF2 /* Debug */ = {
			isa = XCBuildConfiguration;
			buildSettings = {
				ASSETCATALOG_COMPILER_APPICON_NAME = AppIcon;
				CODE_SIGN_STYLE = Automatic;
				DEVELOPMENT_TEAM = N4RVL5CZJP;
				INFOPLIST_FILE = RiddlesInTheDark/Info.plist;
				LD_RUNPATH_SEARCH_PATHS = (
					"$(inherited)",
					"@executable_path/Frameworks",
				);
				PRODUCT_BUNDLE_IDENTIFIER = jaeson.RiddlesInTheDark;
				PRODUCT_NAME = "$(TARGET_NAME)";
				SWIFT_VERSION = 5.0;
				TARGETED_DEVICE_FAMILY = "1,2";
			};
			name = Debug;
		};
		0D5FDF05232333C800EB9CF2 /* Release */ = {
			isa = XCBuildConfiguration;
			buildSettings = {
				ASSETCATALOG_COMPILER_APPICON_NAME = AppIcon;
				CODE_SIGN_STYLE = Automatic;
				DEVELOPMENT_TEAM = N4RVL5CZJP;
				INFOPLIST_FILE = RiddlesInTheDark/Info.plist;
				LD_RUNPATH_SEARCH_PATHS = (
					"$(inherited)",
					"@executable_path/Frameworks",
				);
				PRODUCT_BUNDLE_IDENTIFIER = jaeson.RiddlesInTheDark;
				PRODUCT_NAME = "$(TARGET_NAME)";
				SWIFT_VERSION = 5.0;
				TARGETED_DEVICE_FAMILY = "1,2";
			};
			name = Release;
		};
		0D5FDF07232333C800EB9CF2 /* Debug */ = {
			isa = XCBuildConfiguration;
			buildSettings = {
				ALWAYS_EMBED_SWIFT_STANDARD_LIBRARIES = YES;
				BUNDLE_LOADER = "$(TEST_HOST)";
				CODE_SIGN_STYLE = Automatic;
				DEVELOPMENT_TEAM = N4RVL5CZJP;
				INFOPLIST_FILE = RiddlesInTheDarkTests/Info.plist;
				LD_RUNPATH_SEARCH_PATHS = (
					"$(inherited)",
					"@executable_path/Frameworks",
					"@loader_path/Frameworks",
				);
				PRODUCT_BUNDLE_IDENTIFIER = jaeson.RiddlesInTheDarkTests;
				PRODUCT_NAME = "$(TARGET_NAME)";
				SWIFT_VERSION = 5.0;
				TARGETED_DEVICE_FAMILY = "1,2";
				TEST_HOST = "$(BUILT_PRODUCTS_DIR)/RiddlesInTheDark.app/RiddlesInTheDark";
			};
			name = Debug;
		};
		0D5FDF08232333C800EB9CF2 /* Release */ = {
			isa = XCBuildConfiguration;
			buildSettings = {
				ALWAYS_EMBED_SWIFT_STANDARD_LIBRARIES = YES;
				BUNDLE_LOADER = "$(TEST_HOST)";
				CODE_SIGN_STYLE = Automatic;
				DEVELOPMENT_TEAM = N4RVL5CZJP;
				INFOPLIST_FILE = RiddlesInTheDarkTests/Info.plist;
				LD_RUNPATH_SEARCH_PATHS = (
					"$(inherited)",
					"@executable_path/Frameworks",
					"@loader_path/Frameworks",
				);
				PRODUCT_BUNDLE_IDENTIFIER = jaeson.RiddlesInTheDarkTests;
				PRODUCT_NAME = "$(TARGET_NAME)";
				SWIFT_VERSION = 5.0;
				TARGETED_DEVICE_FAMILY = "1,2";
				TEST_HOST = "$(BUILT_PRODUCTS_DIR)/RiddlesInTheDark.app/RiddlesInTheDark";
			};
			name = Release;
		};
		0D5FDF0A232333C800EB9CF2 /* Debug */ = {
			isa = XCBuildConfiguration;
			buildSettings = {
				ALWAYS_EMBED_SWIFT_STANDARD_LIBRARIES = YES;
				CODE_SIGN_STYLE = Automatic;
				DEVELOPMENT_TEAM = N4RVL5CZJP;
				INFOPLIST_FILE = RiddlesInTheDarkUITests/Info.plist;
				LD_RUNPATH_SEARCH_PATHS = (
					"$(inherited)",
					"@executable_path/Frameworks",
					"@loader_path/Frameworks",
				);
				PRODUCT_BUNDLE_IDENTIFIER = jaeson.RiddlesInTheDarkUITests;
				PRODUCT_NAME = "$(TARGET_NAME)";
				SWIFT_VERSION = 5.0;
				TARGETED_DEVICE_FAMILY = "1,2";
				TEST_TARGET_NAME = RiddlesInTheDark;
			};
			name = Debug;
		};
		0D5FDF0B232333C800EB9CF2 /* Release */ = {
			isa = XCBuildConfiguration;
			buildSettings = {
				ALWAYS_EMBED_SWIFT_STANDARD_LIBRARIES = YES;
				CODE_SIGN_STYLE = Automatic;
				DEVELOPMENT_TEAM = N4RVL5CZJP;
				INFOPLIST_FILE = RiddlesInTheDarkUITests/Info.plist;
				LD_RUNPATH_SEARCH_PATHS = (
					"$(inherited)",
					"@executable_path/Frameworks",
					"@loader_path/Frameworks",
				);
				PRODUCT_BUNDLE_IDENTIFIER = jaeson.RiddlesInTheDarkUITests;
				PRODUCT_NAME = "$(TARGET_NAME)";
				SWIFT_VERSION = 5.0;
				TARGETED_DEVICE_FAMILY = "1,2";
				TEST_TARGET_NAME = RiddlesInTheDark;
			};
			name = Release;
		};
/* End XCBuildConfiguration section */

/* Begin XCConfigurationList section */
		0D5FDED4232333BE00EB9CF2 /* Build configuration list for PBXProject "RiddlesInTheDark" */ = {
			isa = XCConfigurationList;
			buildConfigurations = (
				0D5FDF01232333C800EB9CF2 /* Debug */,
				0D5FDF02232333C800EB9CF2 /* Release */,
			);
			defaultConfigurationIsVisible = 0;
			defaultConfigurationName = Release;
		};
		0D5FDF03232333C800EB9CF2 /* Build configuration list for PBXNativeTarget "RiddlesInTheDark" */ = {
			isa = XCConfigurationList;
			buildConfigurations = (
				0D5FDF04232333C800EB9CF2 /* Debug */,
				0D5FDF05232333C800EB9CF2 /* Release */,
			);
			defaultConfigurationIsVisible = 0;
			defaultConfigurationName = Release;
		};
		0D5FDF06232333C800EB9CF2 /* Build configuration list for PBXNativeTarget "RiddlesInTheDarkTests" */ = {
			isa = XCConfigurationList;
			buildConfigurations = (
				0D5FDF07232333C800EB9CF2 /* Debug */,
				0D5FDF08232333C800EB9CF2 /* Release */,
			);
			defaultConfigurationIsVisible = 0;
			defaultConfigurationName = Release;
		};
		0D5FDF09232333C800EB9CF2 /* Build configuration list for PBXNativeTarget "RiddlesInTheDarkUITests" */ = {
			isa = XCConfigurationList;
			buildConfigurations = (
				0D5FDF0A232333C800EB9CF2 /* Debug */,
				0D5FDF0B232333C800EB9CF2 /* Release */,
			);
			defaultConfigurationIsVisible = 0;
			defaultConfigurationName = Release;
		};
/* End XCConfigurationList section */
	};
	rootObject = 0D5FDED1232333BE00EB9CF2 /* Project object */;
}
